
Microsoft Visual Studio Solution File, Format Version 12.00
# Visual Studio Version 17
VisualStudioVersion = 17.9.34616.47
MinimumVisualStudioVersion = 10.0.40219.1
Project("{FAE04EC0-301F-11D3-BF4B-00C04F79EFBC}") = "University", "University\University.csproj", "{7B8851F1-2B41-4331-BAEB-CBB230C83988}"
EndProject
Global
	GlobalSection(SolutionConfigurationPlatforms) = preSolution
		Debug|Any CPU = Debug|Any CPU
		Release|Any CPU = Release|Any CPU
	EndGlobalSection
	GlobalSection(ProjectConfigurationPlatforms) = postSolution
		{7B8851F1-2B41-4331-BAEB-CBB230C83988}.Debug|Any CPU.ActiveCfg = Debug|Any CPU
		{7B8851F1-2B41-4331-BAEB-CBB230C83988}.Debug|Any CPU.Build.0 = Debug|Any CPU
		{7B8851F1-2B41-4331-BAEB-CBB230C83988}.Release|Any CPU.ActiveCfg = Release|Any CPU
		{7B8851F1-2B41-4331-BAEB-CBB230C83988}.Release|Any CPU.Build.0 = Release|Any CPU
	EndGlobalSection
	GlobalSection(SolutionProperties) = preSolution
		HideSolutionNode = FALSE
	EndGlobalSection
	GlobalSection(ExtensibilityGlobals) = postSolution
		SolutionGuid = {8F88FFC5-6170-486C-8B40-D26814959FE8}
	EndGlobalSection
EndGlobal
